{
  "nodes": {
    "luajit-test-cleanup": {
      "flake": false,
      "locked": {
        "lastModified": 1476912423,
        "narHash": "sha256-qn4FLyBu5py8fpXszEUdvsU6I70yDMSIYUvCZE28n78=",
        "owner": "LuaJIT",
        "repo": "LuaJIT-test-cleanup",
        "rev": "014708bceb70550a3ab8d539cff14d9085ca9cb8",
        "type": "github"
      },
      "original": {
        "owner": "LuaJIT",
        "repo": "LuaJIT-test-cleanup",
        "rev": "014708bceb70550a3ab8d539cff14d9085ca9cb8",
        "type": "github"
      }
    },
    "luajit-upstream": {
      "flake": false,
      "locked": {
        "lastModified": 1788856981,
        "narHash": "sha256-nO93951MbMBl4Z4BHbcIk3oFCRzeKU2mjbxfeM64TnA=",
        "owner": "LuaJIT",
        "repo": "LuaJIT",
        "rev": "c6ffc141a8762b41703f9287d63d93622a13dd8f",
        "type": "github"
      },
      "original": {
        "owner": "LuaJIT",
        "repo": "LuaJIT",
        "rev": "c6ffc141a8762b41703f9287d63d93622a13dd8f",
        "type": "github"
      }
    },
    "nixpkgs": {
      "locked": {
        "lastModified": 1790578696,
        "narHash": "sha256-ZoxIApko70jCdbH3l20HWXOBaT2HZd87orzd2yJ9dVE=",
        "owner": "NixOS",
        "repo": "nixpkgs",
        "rev": "7a0f122f5090cf4c2ade2a13a0e229d4e19ba71f",
        "type": "github"
      },
      "original": {
        "owner": "NixOS",
        "ref": "nixos-unstable",
        "repo": "nixpkgs",
        "type": "github"
      }
    },
    "root": {
      "inputs": {
        "luajit-test-cleanup": "luajit-test-cleanup",
        "luajit-upstream": "luajit-upstream",
        "nixpkgs": "nixpkgs"
      }
    }
  },
  "root": "root",
  "version": 7
}
